
Microsoft Visual Studio Solution File, Format Version 12.00
# Visual Studio 15
VisualStudioVersion = 15.0.27703.2000
MinimumVisualStudioVersion = 10.0.40219.1
Project("{FAE04EC0-301F-11D3-BF4B-00C04F79EFBC}") = "FirstCrawler", "FirstCrawler\FirstCrawler.csproj", "{9C71F4B0-D1D1-4943-A30F-B122CA961C2E}"
EndProject
Global
	GlobalSection(SolutionConfigurationPlatforms) = preSolution
		Debug|Any CPU = Debug|Any CPU
		Release|Any CPU = Release|Any CPU
	EndGlobalSection
	GlobalSection(ProjectConfigurationPlatforms) = postSolution
		{9C71F4B0-D1D1-4943-A30F-B122CA961C2E}.Debug|Any CPU.ActiveCfg = Debug|Any CPU
		{9C71F4B0-D1D1-4943-A30F-B122CA961C2E}.Debug|Any CPU.Build.0 = Debug|Any CPU
		{9C71F4B0-D1D1-4943-A30F-B122CA961C2E}.Release|Any CPU.ActiveCfg = Release|Any CPU
		{9C71F4B0-D1D1-4943-A30F-B122CA961C2E}.Release|Any CPU.Build.0 = Release|Any CPU
	EndGlobalSection
	GlobalSection(SolutionProperties) = preSolution
		HideSolutionNode = FALSE
	EndGlobalSection
	GlobalSection(ExtensibilityGlobals) = postSolution
		SolutionGuid = {39FBF111-6910-444E-9054-0EC555EEB02D}
	EndGlobalSection
EndGlobal
